
Microsoft Visual Studio Solution File, Format Version 12.00
# Visual Studio Version 16
VisualStudioVersion = 16.0.30523.141
MinimumVisualStudioVersion = 10.0.40219.1
Project("{FAE04EC0-301F-11D3-BF4B-00C04F79EFBC}") = "Remedios", "Remedios\Remedios.csproj", "{BA6D6F9A-8610-4B2A-A9CD-F972DFCBE165}"
EndProject
Global
	GlobalSection(SolutionConfigurationPlatforms) = preSolution
		Debug|Any CPU = Debug|Any CPU
		Release|Any CPU = Release|Any CPU
	EndGlobalSection
	GlobalSection(ProjectConfigurationPlatforms) = postSolution
		{BA6D6F9A-8610-4B2A-A9CD-F972DFCBE165}.Debug|Any CPU.ActiveCfg = Debug|Any CPU
		{BA6D6F9A-8610-4B2A-A9CD-F972DFCBE165}.Debug|Any CPU.Build.0 = Debug|Any CPU
		{BA6D6F9A-8610-4B2A-A9CD-F972DFCBE165}.Release|Any CPU.ActiveCfg = Release|Any CPU
		{BA6D6F9A-8610-4B2A-A9CD-F972DFCBE165}.Release|Any CPU.Build.0 = Release|Any CPU
	EndGlobalSection
	GlobalSection(SolutionProperties) = preSolution
		HideSolutionNode = FALSE
	EndGlobalSection
	GlobalSection(ExtensibilityGlobals) = postSolution
		SolutionGuid = {C10C1648-0578-456E-BDCE-5EE68F576EC8}
	EndGlobalSection
EndGlobal
